
Microsoft Visual Studio Solution File, Format Version 12.00
# Visual Studio 15
VisualStudioVersion = 15.0.28307.645
MinimumVisualStudioVersion = 10.0.40219.1
Project("{FAE04EC0-301F-11D3-BF4B-00C04F79EFBC}") = "BookListRazor", "BookListRazor\BookListRazor.csproj", "{8BF112A1-79F9-4003-AD0D-28239B241E79}"
EndProject
Global
	GlobalSection(SolutionConfigurationPlatforms) = preSolution
		Debug|Any CPU = Debug|Any CPU
		Release|Any CPU = Release|Any CPU
	EndGlobalSection
	GlobalSection(ProjectConfigurationPlatforms) = postSolution
		{8BF112A1-79F9-4003-AD0D-28239B241E79}.Debug|Any CPU.ActiveCfg = Debug|Any CPU
		{8BF112A1-79F9-4003-AD0D-28239B241E79}.Debug|Any CPU.Build.0 = Debug|Any CPU
		{8BF112A1-79F9-4003-AD0D-28239B241E79}.Release|Any CPU.ActiveCfg = Release|Any CPU
		{8BF112A1-79F9-4003-AD0D-28239B241E79}.Release|Any CPU.Build.0 = Release|Any CPU
	EndGlobalSection
	GlobalSection(SolutionProperties) = preSolution
		HideSolutionNode = FALSE
	EndGlobalSection
	GlobalSection(ExtensibilityGlobals) = postSolution
		SolutionGuid = {BC92ED77-5DC0-4EC7-83DE-8272F28C6E7B}
	EndGlobalSection
EndGlobal
